// !$*UTF8*$!
{
	archiveVersion = 1;
	classes = {
	};
	objectVersion = 46;
	objects = {

/* Begin PBXBuildFile section */
		C1A73F43197845B30090AE68 /* Foundation.framework in Frameworks */ = {isa = PBXBuildFile; fileRef = C1A73F42197845B20090AE68 /* Foundation.framework */; };
		C1A73F45197845B30090AE68 /* CoreGraphics.framework in Frameworks */ = {isa = PBXBuildFile; fileRef = C1A73F44197845B30090AE68 /* CoreGraphics.framework */; };
		C1A73F47197845B30090AE68 /* UIKit.framework in Frameworks */ = {isa = PBXBuildFile; fileRef = C1A73F46197845B30090AE68 /* UIKit.framework */; };
		C1A73F49197845B30090AE68 /* CoreData.framework in Frameworks */ = {isa = PBXBuildFile; fileRef = C1A73F48197845B30090AE68 /* CoreData.framework */; };
		C1A73F4F197845B30090AE68 /* InfoPlist.strings in Resources */ = {isa = PBXBuildFile; fileRef = C1A73F4D197845B30090AE68 /* InfoPlist.strings */; };
		C1A73F51197845B30090AE68 /* main.m in Sources */ = {isa = PBXBuildFile; fileRef = C1A73F50197845B30090AE68 /* main.m */; };
		C1A73F55197845B30090AE68 /* PTAppDelegate.m in Sources */ = {isa = PBXBuildFile; fileRef = C1A73F54197845B30090AE68 /* PTAppDelegate.m */; };
		C1A73F58197845B30090AE68 /* Champion_Progress_Tracker.xcdatamodeld in Sources */ = {isa = PBXBuildFile; fileRef = C1A73F56197845B30090AE68 /* Champion_Progress_Tracker.xcdatamodeld */; };
		C1A73F5A197845B30090AE68 /* Images.xcassets in Resources */ = {isa = PBXBuildFile; fileRef = C1A73F59197845B30090AE68 /* Images.xcassets */; };
		C1A73F61197845B30090AE68 /* XCTest.framework in Frameworks */ = {isa = PBXBuildFile; fileRef = C1A73F60197845B30090AE68 /* XCTest.framework */; };
		C1A73F62197845B30090AE68 /* Foundation.framework in Frameworks */ = {isa = PBXBuildFile; fileRef = C1A73F42197845B20090AE68 /* Foundation.framework */; };
		C1A73F63197845B30090AE68 /* UIKit.framework in Frameworks */ = {isa = PBXBuildFile; fileRef = C1A73F46197845B30090AE68 /* UIKit.framework */; };
		C1A73F64197845B30090AE68 /* CoreData.framework in Frameworks */ = {isa = PBXBuildFile; fileRef = C1A73F48197845B30090AE68 /* CoreData.framework */; };
		C1A73F6C197845B30090AE68 /* InfoPlist.strings in Resources */ = {isa = PBXBuildFile; fileRef = C1A73F6A197845B30090AE68 /* InfoPlist.strings */; };
		C1A73F6E197845B30090AE68 /* Champion_Progress_TrackerTests.m in Sources */ = {isa = PBXBuildFile; fileRef = C1A73F6D197845B30090AE68 /* Champion_Progress_TrackerTests.m */; };
/* End PBXBuildFile section */

/* Begin PBXContainerItemProxy section */
		C1A73F65197845B30090AE68 /* PBXContainerItemProxy */ = {
			isa = PBXContainerItemProxy;
			containerPortal = C1A73F37197845B20090AE68 /* Project object */;
			proxyType = 1;
			remoteGlobalIDString = C1A73F3E197845B20090AE68;
			remoteInfo = "Champion Progress Tracker";
		};
/* End PBXContainerItemProxy section */

/* Begin PBXFileReference section */
		C1A73F3F197845B20090AE68 /* Champion Progress Tracker.app */ = {isa = PBXFileReference; explicitFileType = wrapper.application; includeInIndex = 0; path = "Champion Progress Tracker.app"; sourceTree = BUILT_PRODUCTS_DIR; };
		C1A73F42197845B20090AE68 /* Foundation.framework */ = {isa = PBXFileReference; lastKnownFileType = wrapper.framework; name = Foundation.framework; path = System/Library/Frameworks/Foundation.framework; sourceTree = SDKROOT; };
		C1A73F44197845B30090AE68 /* CoreGraphics.framework */ = {isa = PBXFileReference; lastKnownFileType = wrapper.framework; name = CoreGraphics.framework; path = System/Library/Frameworks/CoreGraphics.framework; sourceTree = SDKROOT; };
		C1A73F46197845B30090AE68 /* UIKit.framework */ = {isa = PBXFileReference; lastKnownFileType = wrapper.framework; name = UIKit.framework; path = System/Library/Frameworks/UIKit.framework; sourceTree = SDKROOT; };
		C1A73F48197845B30090AE68 /* CoreData.framework */ = {isa = PBXFileReference; lastKnownFileType = wrapper.framework; name = CoreData.framework; path = System/Library/Frameworks/CoreData.framework; sourceTree = SDKROOT; };
		C1A73F4C197845B30090AE68 /* Champion Progress Tracker-Info.plist */ = {isa = PBXFileReference; lastKnownFileType = text.plist.xml; path = "Champion Progress Tracker-Info.plist"; sourceTree = "<group>"; };
		C1A73F4E197845B30090AE68 /* en */ = {isa = PBXFileReference; lastKnownFileType = text.plist.strings; name = en; path = en.lproj/InfoPlist.strings; sourceTree = "<group>"; };
		C1A73F50197845B30090AE68 /* main.m */ = {isa = PBXFileReference; lastKnownFileType = sourcecode.c.objc; path = main.m; sourceTree = "<group>"; };
		C1A73F52197845B30090AE68 /* Champion Progress Tracker-Prefix.pch */ = {isa = PBXFileReference; lastKnownFileType = sourcecode.c.h; path = "Champion Progress Tracker-Prefix.pch"; sourceTree = "<group>"; };
		C1A73F53197845B30090AE68 /* PTAppDelegate.h */ = {isa = PBXFileReference; lastKnownFileType = sourcecode.c.h; path = PTAppDelegate.h; sourceTree = "<group>"; };
		C1A73F54197845B30090AE68 /* PTAppDelegate.m */ = {isa = PBXFileReference; lastKnownFileType = sourcecode.c.objc; path = PTAppDelegate.m; sourceTree = "<group>"; };
		C1A73F57197845B30090AE68 /* Champion_Progress_Tracker.xcdatamodel */ = {isa = PBXFileReference; lastKnownFileType = wrapper.xcdatamodel; path = Champion_Progress_Tracker.xcdatamodel; sourceTree = "<group>"; };
		C1A73F59197845B30090AE68 /* Images.xcassets */ = {isa = PBXFileReference; lastKnownFileType = folder.assetcatalog; path = Images.xcassets; sourceTree = "<group>"; };
		C1A73F5F197845B30090AE68 /* Champion Progress TrackerTests.xctest */ = {isa = PBXFileReference; explicitFileType = wrapper.cfbundle; includeInIndex = 0; path = "Champion Progress TrackerTests.xctest"; sourceTree = BUILT_PRODUCTS_DIR; };
		C1A73F60197845B30090AE68 /* XCTest.framework */ = {isa = PBXFileReference; lastKnownFileType = wrapper.framework; name = XCTest.framework; path = Library/Frameworks/XCTest.framework; sourceTree = DEVELOPER_DIR; };
		C1A73F69197845B30090AE68 /* Champion Progress TrackerTests-Info.plist */ = {isa = PBXFileReference; lastKnownFileType = text.plist.xml; path = "Champion Progress TrackerTests-Info.plist"; sourceTree = "<group>"; };
		C1A73F6B197845B30090AE68 /* en */ = {isa = PBXFileReference; lastKnownFileType = text.plist.strings; name = en; path = en.lproj/InfoPlist.strings; sourceTree = "<group>"; };
		C1A73F6D197845B30090AE68 /* Champion_Progress_TrackerTests.m */ = {isa = PBXFileReference; lastKnownFileType = sourcecode.c.objc; path = Champion_Progress_TrackerTests.m; sourceTree = "<group>"; };
/* End PBXFileReference section */

/* Begin PBXFrameworksBuildPhase section */
		C1A73F3C197845B20090AE68 /* Frameworks */ = {
			isa = PBXFrameworksBuildPhase;
			buildActionMask = 2147483647;
			files = (
				C1A73F45197845B30090AE68 /* CoreGraphics.framework in Frameworks */,
				C1A73F49197845B30090AE68 /* CoreData.framework in Frameworks */,
				C1A73F47197845B30090AE68 /* UIKit.framework in Frameworks */,
				C1A73F43197845B30090AE68 /* Foundation.framework in Frameworks */,
			);
			runOnlyForDeploymentPostprocessing = 0;
		};
		C1A73F5C197845B30090AE68 /* Frameworks */ = {
			isa = PBXFrameworksBuildPhase;
			buildActionMask = 2147483647;
			files = (
				C1A73F61197845B30090AE68 /* XCTest.framework in Frameworks */,
				C1A73F64197845B30090AE68 /* CoreData.framework in Frameworks */,
				C1A73F63197845B30090AE68 /* UIKit.framework in Frameworks */,
				C1A73F62197845B30090AE68 /* Foundation.framework in Frameworks */,
			);
			runOnlyForDeploymentPostprocessing = 0;
		};
/* End PBXFrameworksBuildPhase section */

/* Begin PBXGroup section */
		C1A73F36197845B20090AE68 = {
			isa = PBXGroup;
			children = (
				C1A73F4A197845B30090AE68 /* Champion Progress Tracker */,
				C1A73F67197845B30090AE68 /* Champion Progress TrackerTests */,
				C1A73F41197845B20090AE68 /* Frameworks */,
				C1A73F40197845B20090AE68 /* Products */,
			);
			sourceTree = "<group>";
		};
		C1A73F40197845B20090AE68 /* Products */ = {
			isa = PBXGroup;
			children = (
				C1A73F3F197845B20090AE68 /* Champion Progress Tracker.app */,
				C1A73F5F197845B30090AE68 /* Champion Progress TrackerTests.xctest */,
			);
			name = Products;
			sourceTree = "<group>";
		};
		C1A73F41197845B20090AE68 /* Frameworks */ = {
			isa = PBXGroup;
			children = (
				C1A73F42197845B20090AE68 /* Foundation.framework */,
				C1A73F44197845B30090AE68 /* CoreGraphics.framework */,
				C1A73F46197845B30090AE68 /* UIKit.framework */,
				C1A73F48197845B30090AE68 /* CoreData.framework */,
				C1A73F60197845B30090AE68 /* XCTest.framework */,
			);
			name = Frameworks;
			sourceTree = "<group>";
		};
		C1A73F4A197845B30090AE68 /* Champion Progress Tracker */ = {
			isa = PBXGroup;
			children = (
				C1A73F53197845B30090AE68 /* PTAppDelegate.h */,
				C1A73F54197845B30090AE68 /* PTAppDelegate.m */,
				C1A73F59197845B30090AE68 /* Images.xcassets */,
				C1A73F56197845B30090AE68 /* Champion_Progress_Tracker.xcdatamodeld */,
				C1A73F4B197845B30090AE68 /* Supporting Files */,
			);
			path = "Champion Progress Tracker";
			sourceTree = "<group>";
		};
		C1A73F4B197845B30090AE68 /* Supporting Files */ = {
			isa = PBXGroup;
			children = (
				C1A73F4C197845B30090AE68 /* Champion Progress Tracker-Info.plist */,
				C1A73F4D197845B30090AE68 /* InfoPlist.strings */,
				C1A73F50197845B30090AE68 /* main.m */,
				C1A73F52197845B30090AE68 /* Champion Progress Tracker-Prefix.pch */,
			);
			name = "Supporting Files";
			sourceTree = "<group>";
		};
		C1A73F67197845B30090AE68 /* Champion Progress TrackerTests */ = {
			isa = PBXGroup;
			children = (
				C1A73F6D197845B30090AE68 /* Champion_Progress_TrackerTests.m */,
				C1A73F68197845B30090AE68 /* Supporting Files */,
			);
			path = "Champion Progress TrackerTests";
			sourceTree = "<group>";
		};
		C1A73F68197845B30090AE68 /* Supporting Files */ = {
			isa = PBXGroup;
			children = (
				C1A73F69197845B30090AE68 /* Champion Progress TrackerTests-Info.plist */,
				C1A73F6A197845B30090AE68 /* InfoPlist.strings */,
			);
			name = "Supporting Files";
			sourceTree = "<group>";
		};
/* End PBXGroup section */

/* Begin PBXNativeTarget section */
		C1A73F3E197845B20090AE68 /* Champion Progress Tracker */ = {
			isa = PBXNativeTarget;
			buildConfigurationList = C1A73F71197845B30090AE68 /* Build configuration list for PBXNativeTarget "Champion Progress Tracker" */;
			buildPhases = (
				C1A73F3B197845B20090AE68 /* Sources */,
				C1A73F3C197845B20090AE68 /* Frameworks */,
				C1A73F3D197845B20090AE68 /* Resources */,
			);
			buildRules = (
			);
			dependencies = (
			);
			name = "Champion Progress Tracker";
			productName = "Champion Progress Tracker";
			productReference = C1A73F3F197845B20090AE68 /* Champion Progress Tracker.app */;
			productType = "com.apple.product-type.application";
		};
		C1A73F5E197845B30090AE68 /* Champion Progress TrackerTests */ = {
			isa = PBXNativeTarget;
			buildConfigurationList = C1A73F74197845B30090AE68 /* Build configuration list for PBXNativeTarget "Champion Progress TrackerTests" */;
			buildPhases = (
				C1A73F5B197845B30090AE68 /* Sources */,
				C1A73F5C197845B30090AE68 /* Frameworks */,
				C1A73F5D197845B30090AE68 /* Resources */,
			);
			buildRules = (
			);
			dependencies = (
				C1A73F66197845B30090AE68 /* PBXTargetDependency */,
			);
			name = "Champion Progress TrackerTests";
			productName = "Champion Progress TrackerTests";
			productReference = C1A73F5F197845B30090AE68 /* Champion Progress TrackerTests.xctest */;
			productType = "com.apple.product-type.bundle.unit-test";
		};
/* End PBXNativeTarget section */

/* Begin PBXProject section */
		C1A73F37197845B20090AE68 /* Project object */ = {
			isa = PBXProject;
			attributes = {
				CLASSPREFIX = PT;
				LastUpgradeCheck = 0510;
				ORGANIZATIONNAME = "Kalvin Jones";
				TargetAttributes = {
					C1A73F5E197845B30090AE68 = {
						TestTargetID = C1A73F3E197845B20090AE68;
					};
				};
			};
			buildConfigurationList = C1A73F3A197845B20090AE68 /* Build configuration list for PBXProject "Champion Progress Tracker" */;
			compatibilityVersion = "Xcode 3.2";
			developmentRegion = English;
			hasScannedForEncodings = 0;
			knownRegions = (
				en,
			);
			mainGroup = C1A73F36197845B20090AE68;
			productRefGroup = C1A73F40197845B20090AE68 /* Products */;
			projectDirPath = "";
			projectRoot = "";
			targets = (
				C1A73F3E197845B20090AE68 /* Champion Progress Tracker */,
				C1A73F5E197845B30090AE68 /* Champion Progress TrackerTests */,
			);
		};
/* End PBXProject section */

/* Begin PBXResourcesBuildPhase section */
		C1A73F3D197845B20090AE68 /* Resources */ = {
			isa = PBXResourcesBuildPhase;
			buildActionMask = 2147483647;
			files = (
				C1A73F4F197845B30090AE68 /* InfoPlist.strings in Resources */,
				C1A73F5A197845B30090AE68 /* Images.xcassets in Resources */,
			);
			runOnlyForDeploymentPostprocessing = 0;
		};
		C1A73F5D197845B30090AE68 /* Resources */ = {
			isa = PBXResourcesBuildPhase;
			buildActionMask = 2147483647;
			files = (
				C1A73F6C197845B30090AE68 /* InfoPlist.strings in Resources */,
			);
			runOnlyForDeploymentPostprocessing = 0;
		};
/* End PBXResourcesBuildPhase section */

/* Begin PBXSourcesBuildPhase section */
		C1A73F3B197845B20090AE68 /* Sources */ = {
			isa = PBXSourcesBuildPhase;
			buildActionMask = 2147483647;
			files = (
				C1A73F55197845B30090AE68 /* PTAppDelegate.m in Sources */,
				C1A73F51197845B30090AE68 /* main.m in Sources */,
				C1A73F58197845B30090AE68 /* Champion_Progress_Tracker.xcdatamodeld in Sources */,
			);
			runOnlyForDeploymentPostprocessing = 0;
		};
		C1A73F5B197845B30090AE68 /* Sources */ = {
			isa = PBXSourcesBuildPhase;
			buildActionMask = 2147483647;
			files = (
				C1A73F6E197845B30090AE68 /* Champion_Progress_TrackerTests.m in Sources */,
			);
			runOnlyForDeploymentPostprocessing = 0;
		};
/* End PBXSourcesBuildPhase section */

/* Begin PBXTargetDependency section */
		C1A73F66197845B30090AE68 /* PBXTargetDependency */ = {
			isa = PBXTargetDependency;
			target = C1A73F3E197845B20090AE68 /* Champion Progress Tracker */;
			targetProxy = C1A73F65197845B30090AE68 /* PBXContainerItemProxy */;
		};
/* End PBXTargetDependency section */

/* Begin PBXVariantGroup section */
		C1A73F4D197845B30090AE68 /* InfoPlist.strings */ = {
			isa = PBXVariantGroup;
			children = (
				C1A73F4E197845B30090AE68 /* en */,
			);
			name = InfoPlist.strings;
			sourceTree = "<group>";
		};
		C1A73F6A197845B30090AE68 /* InfoPlist.strings */ = {
			isa = PBXVariantGroup;
			children = (
				C1A73F6B197845B30090AE68 /* en */,
			);
			name = InfoPlist.strings;
			sourceTree = "<group>";
		};
/* End PBXVariantGroup section */

/* Begin XCBuildConfiguration section */
		C1A73F6F197845B30090AE68 /* Debug */ = {
			isa = XCBuildConfiguration;
			buildSettings = {
				ALWAYS_SEARCH_USER_PATHS = NO;
				CLANG_CXX_LANGUAGE_STANDARD = "gnu++0x";
				CLANG_CXX_LIBRARY = "libc++";
				CLANG_ENABLE_MODULES = YES;
				CLANG_ENABLE_OBJC_ARC = YES;
				CLANG_WARN_BOOL_CONVERSION = YES;
				CLANG_WARN_CONSTANT_CONVERSION = YES;
				CLANG_WARN_DIRECT_OBJC_ISA_USAGE = YES_ERROR;
				CLANG_WARN_EMPTY_BODY = YES;
				CLANG_WARN_ENUM_CONVERSION = YES;
				CLANG_WARN_INT_CONVERSION = YES;
				CLANG_WARN_OBJC_ROOT_CLASS = YES_ERROR;
				CLANG_WARN__DUPLICATE_METHOD_MATCH = YES;
				"CODE_SIGN_IDENTITY[sdk=iphoneos*]" = "iPhone Developer";
				COPY_PHASE_STRIP = NO;
				GCC_C_LANGUAGE_STANDARD = gnu99;
				GCC_DYNAMIC_NO_PIC = NO;
				GCC_OPTIMIZATION_LEVEL = 0;
				GCC_PREPROCESSOR_DEFINITIONS = (
					"DEBUG=1",
					"$(inherited)",
				);
				GCC_SYMBOLS_PRIVATE_EXTERN = NO;
				GCC_WARN_64_TO_32_BIT_CONVERSION = YES;
				GCC_WARN_ABOUT_RETURN_TYPE = YES_ERROR;
				GCC_WARN_UNDECLARED_SELECTOR = YES;
				GCC_WARN_UNINITIALIZED_AUTOS = YES_AGGRESSIVE;
				GCC_WARN_UNUSED_FUNCTION = YES;
				GCC_WARN_UNUSED_VARIABLE = YES;
				IPHONEOS_DEPLOYMENT_TARGET = 7.1;
				ONLY_ACTIVE_ARCH = YES;
				SDKROOT = iphoneos;
			};
			name = Debug;
		};
		C1A73F70197845B30090AE68 /* Release */ = {
			isa = XCBuildConfiguration;
			buildSettings = {
				ALWAYS_SEARCH_USER_PATHS = NO;
				CLANG_CXX_LANGUAGE_STANDARD = "gnu++0x";
				CLANG_CXX_LIBRARY = "libc++";
				CLANG_ENABLE_MODULES = YES;
				CLANG_ENABLE_OBJC_ARC = YES;
				CLANG_WARN_BOOL_CONVERSION = YES;
				CLANG_WARN_CONSTANT_CONVERSION = YES;
				CLANG_WARN_DIRECT_OBJC_ISA_USAGE = YES_ERROR;
				CLANG_WARN_EMPTY_BODY = YES;
				CLANG_WARN_ENUM_CONVERSION = YES;
				CLANG_WARN_INT_CONVERSION = YES;
				CLANG_WARN_OBJC_ROOT_CLASS = YES_ERROR;
				CLANG_WARN__DUPLICATE_METHOD_MATCH = YES;
				"CODE_SIGN_IDENTITY[sdk=iphoneos*]" = "iPhone Developer";
				COPY_PHASE_STRIP = YES;
				ENABLE_NS_ASSERTIONS = NO;
				GCC_C_LANGUAGE_STANDARD = gnu99;
				GCC_WARN_64_TO_32_BIT_CONVERSION = YES;
				GCC_WARN_ABOUT_RETURN_TYPE = YES_ERROR;
				GCC_WARN_UNDECLARED_SELECTOR = YES;
				GCC_WARN_UNINITIALIZED_AUTOS = YES_AGGRESSIVE;
				GCC_WARN_UNUSED_FUNCTION = YES;
				GCC_WARN_UNUSED_VARIABLE = YES;
				IPHONEOS_DEPLOYMENT_TARGET = 7.1;
				SDKROOT = iphoneos;
				VALIDATE_PRODUCT = YES;
			};
			name = Release;
		};
		C1A73F72197845B30090AE68 /* Debug */ = {
			isa = XCBuildConfiguration;
			buildSettings = {
				ASSETCATALOG_COMPILER_APPICON_NAME = AppIcon;
				ASSETCATALOG_COMPILER_LAUNCHIMAGE_NAME = LaunchImage;
				GCC_PRECOMPILE_PREFIX_HEADER = YES;
				GCC_PREFIX_HEADER = "Champion Progress Tracker/Champion Progress Tracker-Prefix.pch";
				INFOPLIST_FILE = "Champion Progress Tracker/Champion Progress Tracker-Info.plist";
				PRODUCT_NAME = "$(TARGET_NAME)";
				WRAPPER_EXTENSION = app;
			};
			name = Debug;
		};
		C1A73F73197845B30090AE68 /* Release */ = {
			isa = XCBuildConfiguration;
			buildSettings = {
				ASSETCATALOG_COMPILER_APPICON_NAME = AppIcon;
				ASSETCATALOG_COMPILER_LAUNCHIMAGE_NAME = LaunchImage;
				GCC_PRECOMPILE_PREFIX_HEADER = YES;
				GCC_PREFIX_HEADER = "Champion Progress Tracker/Champion Progress Tracker-Prefix.pch";
				INFOPLIST_FILE = "Champion Progress Tracker/Champion Progress Tracker-Info.plist";
				PRODUCT_NAME = "$(TARGET_NAME)";
				WRAPPER_EXTENSION = app;
			};
			name = Release;
		};
		C1A73F75197845B30090AE68 /* Debug */ = {
			isa = XCBuildConfiguration;
			buildSettings = {
				BUNDLE_LOADER = "$(BUILT_PRODUCTS_DIR)/Champion Progress Tracker.app/Champion Progress Tracker";
				FRAMEWORK_SEARCH_PATHS = (
					"$(SDKROOT)/Developer/Library/Frameworks",
					"$(inherited)",
					"$(DEVELOPER_FRAMEWORKS_DIR)",
				);
				GCC_PRECOMPILE_PREFIX_HEADER = YES;
				GCC_PREFIX_HEADER = "Champion Progress Tracker/Champion Progress Tracker-Prefix.pch";
				GCC_PREPROCESSOR_DEFINITIONS = (
					"DEBUG=1",
					"$(inherited)",
				);
				INFOPLIST_FILE = "Champion Progress TrackerTests/Champion Progress TrackerTests-Info.plist";
				PRODUCT_NAME = "$(TARGET_NAME)";
				TEST_HOST = "$(BUNDLE_LOADER)";
				WRAPPER_EXTENSION = xctest;
			};
			name = Debug;
		};
		C1A73F76197845B30090AE68 /* Release */ = {
			isa = XCBuildConfiguration;
			buildSettings = {
				BUNDLE_LOADER = "$(BUILT_PRODUCTS_DIR)/Champion Progress Tracker.app/Champion Progress Tracker";
				FRAMEWORK_SEARCH_PATHS = (
					"$(SDKROOT)/Developer/Library/Frameworks",
					"$(inherited)",
					"$(DEVELOPER_FRAMEWORKS_DIR)",
				);
				GCC_PRECOMPILE_PREFIX_HEADER = YES;
				GCC_PREFIX_HEADER = "Champion Progress Tracker/Champion Progress Tracker-Prefix.pch";
				INFOPLIST_FILE = "Champion Progress TrackerTests/Champion Progress TrackerTests-Info.plist";
				PRODUCT_NAME = "$(TARGET_NAME)";
				TEST_HOST = "$(BUNDLE_LOADER)";
				WRAPPER_EXTENSION = xctest;
			};
			name = Release;
		};
/* End XCBuildConfiguration section */

/* Begin XCConfigurationList section */
		C1A73F3A197845B20090AE68 /* Build configuration list for PBXProject "Champion Progress Tracker" */ = {
			isa = XCConfigurationList;
			buildConfigurations = (
				C1A73F6F197845B30090AE68 /* Debug */,
				C1A73F70197845B30090AE68 /* Release */,
			);
			defaultConfigurationIsVisible = 0;
			defaultConfigurationName = Release;
		};
		C1A73F71197845B30090AE68 /* Build configuration list for PBXNativeTarget "Champion Progress Tracker" */ = {
			isa = XCConfigurationList;
			buildConfigurations = (
				C1A73F72197845B30090AE68 /* Debug */,
				C1A73F73197845B30090AE68 /* Release */,
			);
			defaultConfigurationIsVisible = 0;
		};
		C1A73F74197845B30090AE68 /* Build configuration list for PBXNativeTarget "Champion Progress TrackerTests" */ = {
			isa = XCConfigurationList;
			buildConfigurations = (
				C1A73F75197845B30090AE68 /* Debug */,
				C1A73F76197845B30090AE68 /* Release */,
			);
			defaultConfigurationIsVisible = 0;
		};
/* End XCConfigurationList section */

/* Begin XCVersionGroup section */
		C1A73F56197845B30090AE68 /* Champion_Progress_Tracker.xcdatamodeld */ = {
			isa = XCVersionGroup;
			children = (
				C1A73F57197845B30090AE68 /* Champion_Progress_Tracker.xcdatamodel */,
			);
			currentVersion = C1A73F57197845B30090AE68 /* Champion_Progress_Tracker.xcdatamodel */;
			path = Champion_Progress_Tracker.xcdatamodeld;
			sourceTree = "<group>";
			versionGroupType = wrapper.xcdatamodel;
		};
/* End XCVersionGroup section */
	};
	rootObject = C1A73F37197845B20090AE68 /* Project object */;
}
